{
    "name": "enketo-ethiopian-calendar-widget",
    "version": "1.0.0",
    "lockfileVersion": 1,
    "requires": true,
    "dependencies": {
        "bootstrap-datepicker": {
            "version": "1.9.0",
            "resolved": "https://registry.npmjs.org/bootstrap-datepicker/-/bootstrap-datepicker-1.9.0.tgz",
            "integrity": "sha512-9rYYbaVOheGYxjOr/+bJCmRPihfy+LkLSg4fIFMT9Od8WwWB/MB50w0JO1eBgKUMbb7PFHQD5uAfI3ArAxZRXA==",
            "requires": {
                "jquery": ">=1.7.1 <4.0.0"
            }
        },
        "bootstrap-select": {
            "version": "1.13.17",
            "resolved": "https://registry.npmjs.org/bootstrap-select/-/bootstrap-select-1.13.17.tgz",
            "integrity": "sha512-LbzSQumoZNYGuoYMpShKIHbJ2qUWFLI0qVHVeKqw5+nfhtMxz+Gre1+IuI3X74bTzQfalBqDKc8fS8tZMdciWg=="
        },
        "enketo-core": {
            "version": "5.16.2",
            "resolved": "https://registry.npmjs.org/enketo-core/-/enketo-core-5.16.2.tgz",
            "integrity": "sha512-toKb+a8KVpGGl1+gF7K8E7axcF7LqQxK4XMjV/mNdbS/IpT8uEGfVRy2CaxGRM74/8G+GByXv3tb9xoEWlESEw==",
            "requires": {
                "bootstrap-datepicker": "1.9.x",
                "enketo-xpathjs": "1.9.4",
                "html5sortable": "0.9.17",
                "jquery": "^3.5.1",
                "jquery-touchswipe": "^1.6.19",
                "leaflet": "1.6.x",
                "leaflet-draw": "github:enketo/Leaflet.draw#ff73078",
                "leaflet.gridlayer.googlemutant": "0.9.x",
                "mergexml": "1.2.1",
                "signature_pad": "2.3.x"
            }
        },
        "enketo-xpathjs": {
            "version": "1.9.4",
            "resolved": "https://registry.npmjs.org/enketo-xpathjs/-/enketo-xpathjs-1.9.4.tgz",
            "integrity": "sha512-1kIUwJQ4oXjPWuTzEER27pycfR/b9qgTsliorqg9B8Y9mjKQp4fEONKSlNOpvrIASDuOZvpSNrhvC2mmDVl8RA=="
        },
        "ethiopian-date": {
            "version": "0.0.6",
            "resolved": "https://registry.npmjs.org/ethiopian-date/-/ethiopian-date-0.0.6.tgz",
            "integrity": "sha1-eOqtUDqlGAAnS7mQu4ZCwus8zsc="
        },
        "formidable": {
            "version": "1.2.2",
            "resolved": "https://registry.npmjs.org/formidable/-/formidable-1.2.2.tgz",
            "integrity": "sha512-V8gLm+41I/8kguQ4/o1D3RIHRmhYFG4pnNyonvua+40rqcEmT4+V71yaZ3B457xbbgCsCfjSPi65u/W6vK1U5Q=="
        },
        "html5sortable": {
            "version": "0.9.17",
            "resolved": "https://registry.npmjs.org/html5sortable/-/html5sortable-0.9.17.tgz",
            "integrity": "sha512-zCr78fJY/EI0qjBZfhpv+V6twTd2+xf32TKsas9bUX5N9uEg0lDl+OCyhr38ebVRzkXjQ+O5xQFN5XCOHkUbTQ=="
        },
        "jquery": {
            "version": "3.5.1",
            "resolved": "https://registry.npmjs.org/jquery/-/jquery-3.5.1.tgz",
            "integrity": "sha512-XwIBPqcMn57FxfT+Go5pzySnm4KWkT1Tv7gjrpT1srtf8Weynl6R273VJ5GjkRb51IzMp5nbaPjJXMWeju2MKg=="
        },
        "jquery-touchswipe": {
            "version": "1.6.19",
            "resolved": "https://registry.npmjs.org/jquery-touchswipe/-/jquery-touchswipe-1.6.19.tgz",
            "integrity": "sha512-b0BGje9reNRU3u6ksAK9QqnX7yBRgLNe/wYG7DOfyDlhBlYjayIT8bSOHmcuvptIDW/ubM9CTW/mnZf9Rohuow=="
        },
        "leaflet": {
            "version": "1.6.0",
            "resolved": "https://registry.npmjs.org/leaflet/-/leaflet-1.6.0.tgz",
            "integrity": "sha512-CPkhyqWUKZKFJ6K8umN5/D2wrJ2+/8UIpXppY7QDnUZW5bZL5+SEI2J7GBpwh4LIupOKqbNSQXgqmrEJopHVNQ=="
        },
        "leaflet-draw": {
            "version": "github:enketo/Leaflet.draw#ff730785db7fcccbf2485ffcf4dffe1238a7c617",
            "from": "github:enketo/Leaflet.draw#ff73078"
        },
        "leaflet.gridlayer.googlemutant": {
            "version": "0.9.0",
            "resolved": "https://registry.npmjs.org/leaflet.gridlayer.googlemutant/-/leaflet.gridlayer.googlemutant-0.9.0.tgz",
            "integrity": "sha512-hkLEHLcdcCaq1OKgUla5ar6fCaUK6yBYIY9HyAclPcMwhnpJTnLmYYPbVJbq3Niz0YiO75gls4A6D6jkBJXpuw=="
        },
        "mergexml": {
            "version": "1.2.1",
            "resolved": "https://registry.npmjs.org/mergexml/-/mergexml-1.2.1.tgz",
            "integrity": "sha512-IOW62CoY+QfpzsVrDhNG8hKAZnIRhmMldKfbl6/VAUecW6tUNWWtkWroCW4wSXaZp46GRwtUmZjGWCeK4FTS2w==",
            "requires": {
                "formidable": "^1.2.1",
                "xmldom": "^0.1.27",
                "xpath": "0.0.27"
            }
        },
        "signature_pad": {
            "version": "2.3.2",
            "resolved": "https://registry.npmjs.org/signature_pad/-/signature_pad-2.3.2.tgz",
            "integrity": "sha512-peYXLxOsIY6MES2TrRLDiNg2T++8gGbpP2yaC+6Ohtxr+a2dzoaqWosWDY9sWqTAAk6E/TyQO+LJw9zQwyu5kA=="
        },
        "xmldom": {
            "version": "0.1.31",
            "resolved": "https://registry.npmjs.org/xmldom/-/xmldom-0.1.31.tgz",
            "integrity": "sha512-yS2uJflVQs6n+CyjHoaBmVSqIDevTAWrzMmjG1Gc7h1qQ7uVozNhEPJAwZXWyGQ/Gafo3fCwrcaokezLPupVyQ=="
        },
        "xpath": {
            "version": "0.0.27",
            "resolved": "https://registry.npmjs.org/xpath/-/xpath-0.0.27.tgz",
            "integrity": "sha512-fg03WRxtkCV6ohClePNAECYsmpKKTv5L8y/X3Dn1hQrec3POx2jHZ/0P2qQ6HvsrU1BmeqXcof3NGGueG6LxwQ=="
        }
    }
}
